
Microsoft Visual Studio Solution File, Format Version 12.00
# Visual Studio Version 17
VisualStudioVersion = 17.4.33122.133
MinimumVisualStudioVersion = 10.0.40219.1
Project("{9A19103F-16F7-4668-BE54-9A1E7A4F7556}") = "MagicFactory", "MagicFactory\MagicFactory.csproj", "{FC1D19CD-8904-4650-9DF6-3A2CD9B78DED}"
EndProject
Project("{FAE04EC0-301F-11D3-BF4B-00C04F79EFBC}") = "MagicLibraryExecutor", "MagicLibraryExecutor\MagicLibraryExecutor.csproj", "{FFD06996-95D2-40F4-A766-BB92D719EFE7}"
EndProject
Global
	GlobalSection(SolutionConfigurationPlatforms) = preSolution
		Debug|Any CPU = Debug|Any CPU
		Release|Any CPU = Release|Any CPU
	EndGlobalSection
	GlobalSection(ProjectConfigurationPlatforms) = postSolution
		{FC1D19CD-8904-4650-9DF6-3A2CD9B78DED}.Debug|Any CPU.ActiveCfg = Debug|Any CPU
		{FC1D19CD-8904-4650-9DF6-3A2CD9B78DED}.Debug|Any CPU.Build.0 = Debug|Any CPU
		{FC1D19CD-8904-4650-9DF6-3A2CD9B78DED}.Release|Any CPU.ActiveCfg = Release|Any CPU
		{FC1D19CD-8904-4650-9DF6-3A2CD9B78DED}.Release|Any CPU.Build.0 = Release|Any CPU
		{FFD06996-95D2-40F4-A766-BB92D719EFE7}.Debug|Any CPU.ActiveCfg = Debug|Any CPU
		{FFD06996-95D2-40F4-A766-BB92D719EFE7}.Debug|Any CPU.Build.0 = Debug|Any CPU
		{FFD06996-95D2-40F4-A766-BB92D719EFE7}.Release|Any CPU.ActiveCfg = Release|Any CPU
		{FFD06996-95D2-40F4-A766-BB92D719EFE7}.Release|Any CPU.Build.0 = Release|Any CPU
	EndGlobalSection
	GlobalSection(SolutionProperties) = preSolution
		HideSolutionNode = FALSE
	EndGlobalSection
	GlobalSection(ExtensibilityGlobals) = postSolution
		SolutionGuid = {37C0FD1D-1C4B-413D-A087-60D1C139B63B}
	EndGlobalSection
EndGlobal
